
Microsoft Visual Studio Solution File, Format Version 12.00
# Visual Studio Version 17
VisualStudioVersion = 17.0.31903.59
MinimumVisualStudioVersion = 10.0.40219.1
Project("{2150E333-8FDC-42A3-9474-1A3956D46DE8}") = "src", "src", "{51933AB4-E8AA-4B78-9F18-425F4040AE87}"
EndProject
Project("{FAE04EC0-301F-11D3-BF4B-00C04F79EFBC}") = "MongoDb", "src\MongoDb\SparkPlug.MongoDb.csproj", "{0196CF81-E246-4280-B19E-9715F80D979F}"
EndProject
Project("{2150E333-8FDC-42A3-9474-1A3956D46DE8}") = "test", "test", "{943E0DA3-0E55-446B-AA08-07A7ED9182CD}"
EndProject
Project("{FAE04EC0-301F-11D3-BF4B-00C04F79EFBC}") = "MongoDb.Test", "test\MongoDb.Test\SparkPlug.MongoDb.Test.csproj", "{A5773EBC-1EF6-4D64-BE89-3F6A1A6D25F0}"
EndProject
Global
	GlobalSection(SolutionConfigurationPlatforms) = preSolution
		Debug|Any CPU = Debug|Any CPU
		Release|Any CPU = Release|Any CPU
	EndGlobalSection
	GlobalSection(SolutionProperties) = preSolution
		HideSolutionNode = FALSE
	EndGlobalSection
	GlobalSection(ProjectConfigurationPlatforms) = postSolution
		{0196CF81-E246-4280-B19E-9715F80D979F}.Debug|Any CPU.ActiveCfg = Debug|Any CPU
		{0196CF81-E246-4280-B19E-9715F80D979F}.Debug|Any CPU.Build.0 = Debug|Any CPU
		{0196CF81-E246-4280-B19E-9715F80D979F}.Release|Any CPU.ActiveCfg = Release|Any CPU
		{0196CF81-E246-4280-B19E-9715F80D979F}.Release|Any CPU.Build.0 = Release|Any CPU
		{A5773EBC-1EF6-4D64-BE89-3F6A1A6D25F0}.Debug|Any CPU.ActiveCfg = Debug|Any CPU
		{A5773EBC-1EF6-4D64-BE89-3F6A1A6D25F0}.Debug|Any CPU.Build.0 = Debug|Any CPU
		{A5773EBC-1EF6-4D64-BE89-3F6A1A6D25F0}.Release|Any CPU.ActiveCfg = Release|Any CPU
		{A5773EBC-1EF6-4D64-BE89-3F6A1A6D25F0}.Release|Any CPU.Build.0 = Release|Any CPU
	EndGlobalSection
	GlobalSection(NestedProjects) = preSolution
		{0196CF81-E246-4280-B19E-9715F80D979F} = {51933AB4-E8AA-4B78-9F18-425F4040AE87}
		{A5773EBC-1EF6-4D64-BE89-3F6A1A6D25F0} = {943E0DA3-0E55-446B-AA08-07A7ED9182CD}
	EndGlobalSection
EndGlobal
